{
  "version": "1.0.0",
  "lockfileVersion": 2,
  "workspaces": {
    "": {
      "name": "ts-broadcasting",
      "devDependencies": {
        "better-dx": "^0.2.7"
      }
    },
    "packages/ts-broadcasting": {
      "name": "ts-broadcasting",
      "version": "0.0.3"
    }
  },
  "packages": {
    "better-dx@0.2.7": {
      "name": "better-dx",
      "version": "0.2.7",
      "source": "npm",
      "resolved": "https://registry.npmjs.org/better-dx/-/better-dx-0.2.7.tgz",
      "integrity": "sha512-J5Msp8jYKl4/YrTt/IWE32ZZg36/+M5klkAhSZb6Av5LGuFd7tylTerKq/8AwZxAYl9h8ZXV79Paygc+YjmCyw==",
      "peerDependencies": {
        "@stacksjs/bumpx": "^0.2.4",
        "@stacksjs/bunpress": "^0.1.1",
        "@stacksjs/clarity": "^0.3.24",
        "@stacksjs/gitlint": "^0.1.5",
        "@stacksjs/logsmith": "^0.2.1",
        "@types/bun": "^1.3.10",
        "buddy-bot": "^0.9.17",
        "bun-git-hooks": "^0.3.1",
        "bun-plugin-dtsx": "^0.9.13",
        "bunfig": "^0.15.6",
        "pickier": "^0.1.20",
        "ts-error-handling": "^0.1.1",
        "typescript": "^5.9.3"
      },
      "bin": {
        "better-dx": "./dist/bin/cli.js",
        "dx": "./dist/bin/cli.js"
      }
    }
  }
}
